// !$*UTF8*$!
{
	archiveVersion = 1;
	classes = {
	};
	objectVersion = 46;
	objects = {

/* Begin PBXBuildFile section */
		4A21A2361BD9AC21005235F2 /* PrePermissions.h in Headers */ = {isa = PBXBuildFile; fileRef = 4A21A2351BD9AC21005235F2 /* PrePermissions.h */; settings = {ATTRIBUTES = (Public, ); }; };
		4A21A23B1BD9AC2B005235F2 /* ClusterPrePermissions.h in Headers */ = {isa = PBXBuildFile; fileRef = 65D1AF1518F4B3BA005ACA29 /* ClusterPrePermissions.h */; settings = {ATTRIBUTES = (Public, ); }; };
		4A21A23C1BD9AC2B005235F2 /* ClusterPrePermissions.m in Sources */ = {isa = PBXBuildFile; fileRef = 65D1AF1618F4B3BA005ACA29 /* ClusterPrePermissions.m */; };
		4A21A23D1BD9AC94005235F2 /* UIKit.framework in Frameworks */ = {isa = PBXBuildFile; fileRef = 65C599CD18F35A4500AE202C /* UIKit.framework */; };
/* End PBXBuildFile section */

/* Begin PBXFileReference section */
		4A21A2331BD9AC20005235F2 /* PrePermissions.framework */ = {isa = PBXFileReference; explicitFileType = wrapper.framework; includeInIndex = 0; path = PrePermissions.framework; sourceTree = BUILT_PRODUCTS_DIR; };
		4A21A2351BD9AC21005235F2 /* PrePermissions.h */ = {isa = PBXFileReference; lastKnownFileType = sourcecode.c.h; path = PrePermissions.h; sourceTree = "<group>"; };
		4A21A2371BD9AC21005235F2 /* Info.plist */ = {isa = PBXFileReference; lastKnownFileType = text.plist.xml; path = Info.plist; sourceTree = "<group>"; };
		65C599C918F35A4500AE202C /* Foundation.framework */ = {isa = PBXFileReference; lastKnownFileType = wrapper.framework; name = Foundation.framework; path = System/Library/Frameworks/Foundation.framework; sourceTree = SDKROOT; };
		65C599CB18F35A4500AE202C /* CoreGraphics.framework */ = {isa = PBXFileReference; lastKnownFileType = wrapper.framework; name = CoreGraphics.framework; path = System/Library/Frameworks/CoreGraphics.framework; sourceTree = SDKROOT; };
		65C599CD18F35A4500AE202C /* UIKit.framework */ = {isa = PBXFileReference; lastKnownFileType = wrapper.framework; name = UIKit.framework; path = System/Library/Frameworks/UIKit.framework; sourceTree = SDKROOT; };
		65C599E218F35A4600AE202C /* XCTest.framework */ = {isa = PBXFileReference; lastKnownFileType = wrapper.framework; name = XCTest.framework; path = Library/Frameworks/XCTest.framework; sourceTree = DEVELOPER_DIR; };
		65D1AF1518F4B3BA005ACA29 /* ClusterPrePermissions.h */ = {isa = PBXFileReference; fileEncoding = 4; lastKnownFileType = sourcecode.c.h; path = ClusterPrePermissions.h; sourceTree = "<group>"; };
		65D1AF1618F4B3BA005ACA29 /* ClusterPrePermissions.m */ = {isa = PBXFileReference; fileEncoding = 4; lastKnownFileType = sourcecode.c.objc; path = ClusterPrePermissions.m; sourceTree = "<group>"; };
/* End PBXFileReference section */

/* Begin PBXFrameworksBuildPhase section */
		4A21A22F1BD9AC20005235F2 /* Frameworks */ = {
			isa = PBXFrameworksBuildPhase;
			buildActionMask = 2147483647;
			files = (
				4A21A23D1BD9AC94005235F2 /* UIKit.framework in Frameworks */,
			);
			runOnlyForDeploymentPostprocessing = 0;
		};
/* End PBXFrameworksBuildPhase section */

/* Begin PBXGroup section */
		4A21A2341BD9AC21005235F2 /* PrePermissions */ = {
			isa = PBXGroup;
			children = (
				65D1AF1518F4B3BA005ACA29 /* ClusterPrePermissions.h */,
				65D1AF1618F4B3BA005ACA29 /* ClusterPrePermissions.m */,
				4A21A2351BD9AC21005235F2 /* PrePermissions.h */,
				4A21A2371BD9AC21005235F2 /* Info.plist */,
			);
			path = PrePermissions;
			sourceTree = "<group>";
		};
		65C599BD18F35A4500AE202C = {
			isa = PBXGroup;
			children = (
				4A21A2341BD9AC21005235F2 /* PrePermissions */,
				65C599C818F35A4500AE202C /* Frameworks */,
				65C599C718F35A4500AE202C /* Products */,
			);
			sourceTree = "<group>";
		};
		65C599C718F35A4500AE202C /* Products */ = {
			isa = PBXGroup;
			children = (
				4A21A2331BD9AC20005235F2 /* PrePermissions.framework */,
			);
			name = Products;
			sourceTree = "<group>";
		};
		65C599C818F35A4500AE202C /* Frameworks */ = {
			isa = PBXGroup;
			children = (
				65C599C918F35A4500AE202C /* Foundation.framework */,
				65C599CB18F35A4500AE202C /* CoreGraphics.framework */,
				65C599CD18F35A4500AE202C /* UIKit.framework */,
				65C599E218F35A4600AE202C /* XCTest.framework */,
			);
			name = Frameworks;
			sourceTree = "<group>";
		};
/* End PBXGroup section */

/* Begin PBXHeadersBuildPhase section */
		4A21A2301BD9AC20005235F2 /* Headers */ = {
			isa = PBXHeadersBuildPhase;
			buildActionMask = 2147483647;
			files = (
				4A21A23B1BD9AC2B005235F2 /* ClusterPrePermissions.h in Headers */,
				4A21A2361BD9AC21005235F2 /* PrePermissions.h in Headers */,
			);
			runOnlyForDeploymentPostprocessing = 0;
		};
/* End PBXHeadersBuildPhase section */

/* Begin PBXNativeTarget section */
		4A21A2321BD9AC20005235F2 /* PrePermissions */ = {
			isa = PBXNativeTarget;
			buildConfigurationList = 4A21A23A1BD9AC21005235F2 /* Build configuration list for PBXNativeTarget "PrePermissions" */;
			buildPhases = (
				4A21A22E1BD9AC20005235F2 /* Sources */,
				4A21A22F1BD9AC20005235F2 /* Frameworks */,
				4A21A2301BD9AC20005235F2 /* Headers */,
				4A21A2311BD9AC20005235F2 /* Resources */,
			);
			buildRules = (
			);
			dependencies = (
			);
			name = PrePermissions;
			productName = PrePermissions;
			productReference = 4A21A2331BD9AC20005235F2 /* PrePermissions.framework */;
			productType = "com.apple.product-type.framework";
		};
/* End PBXNativeTarget section */

/* Begin PBXProject section */
		65C599BE18F35A4500AE202C /* Project object */ = {
			isa = PBXProject;
			attributes = {
				CLASSPREFIX = Cluster;
				LastUpgradeCheck = 0710;
				ORGANIZATIONNAME = "Cluster Labs, Inc.";
				TargetAttributes = {
					4A21A2321BD9AC20005235F2 = {
						CreatedOnToolsVersion = 7.1;
					};
				};
			};
			buildConfigurationList = 65C599C118F35A4500AE202C /* Build configuration list for PBXProject "ClusterPrePermissions" */;
			compatibilityVersion = "Xcode 3.2";
			developmentRegion = English;
			hasScannedForEncodings = 0;
			knownRegions = (
				en,
			);
			mainGroup = 65C599BD18F35A4500AE202C;
			productRefGroup = 65C599C718F35A4500AE202C /* Products */;
			projectDirPath = "";
			projectRoot = "";
			targets = (
				4A21A2321BD9AC20005235F2 /* PrePermissions */,
			);
		};
/* End PBXProject section */

/* Begin PBXResourcesBuildPhase section */
		4A21A2311BD9AC20005235F2 /* Resources */ = {
			isa = PBXResourcesBuildPhase;
			buildActionMask = 2147483647;
			files = (
			);
			runOnlyForDeploymentPostprocessing = 0;
		};
/* End PBXResourcesBuildPhase section */

/* Begin PBXSourcesBuildPhase section */
		4A21A22E1BD9AC20005235F2 /* Sources */ = {
			isa = PBXSourcesBuildPhase;
			buildActionMask = 2147483647;
			files = (
				4A21A23C1BD9AC2B005235F2 /* ClusterPrePermissions.m in Sources */,
			);
			runOnlyForDeploymentPostprocessing = 0;
		};
/* End PBXSourcesBuildPhase section */

/* Begin XCBuildConfiguration section */
		4A21A2381BD9AC21005235F2 /* Debug */ = {
			isa = XCBuildConfiguration;
			buildSettings = {
				CLANG_WARN_UNREACHABLE_CODE = YES;
				CURRENT_PROJECT_VERSION = 1;
				DEBUG_INFORMATION_FORMAT = dwarf;
				DEFINES_MODULE = YES;
				DYLIB_COMPATIBILITY_VERSION = 1;
				DYLIB_CURRENT_VERSION = 1;
				DYLIB_INSTALL_NAME_BASE = "@rpath";
				ENABLE_BITCODE = NO;
				ENABLE_STRICT_OBJC_MSGSEND = YES;
				ENABLE_TESTABILITY = YES;
				GCC_NO_COMMON_BLOCKS = YES;
				INFOPLIST_FILE = PrePermissions/Info.plist;
				INSTALL_PATH = "$(LOCAL_LIBRARY_DIR)/Frameworks";
				IPHONEOS_DEPLOYMENT_TARGET = 9.1;
				LD_RUNPATH_SEARCH_PATHS = "$(inherited) @executable_path/Frameworks @loader_path/Frameworks";
				MTL_ENABLE_DEBUG_INFO = YES;
				PRODUCT_BUNDLE_IDENTIFIER = com.uberchord.PrePermissions;
				PRODUCT_NAME = "$(TARGET_NAME)";
				SKIP_INSTALL = YES;
				TARGETED_DEVICE_FAMILY = "1,2";
				VERSIONING_SYSTEM = "apple-generic";
				VERSION_INFO_PREFIX = "";
			};
			name = Debug;
		};
		4A21A2391BD9AC21005235F2 /* Release */ = {
			isa = XCBuildConfiguration;
			buildSettings = {
				CLANG_WARN_UNREACHABLE_CODE = YES;
				COPY_PHASE_STRIP = NO;
				CURRENT_PROJECT_VERSION = 1;
				DEBUG_INFORMATION_FORMAT = "dwarf-with-dsym";
				DEFINES_MODULE = YES;
				DYLIB_COMPATIBILITY_VERSION = 1;
				DYLIB_CURRENT_VERSION = 1;
				DYLIB_INSTALL_NAME_BASE = "@rpath";
				ENABLE_BITCODE = NO;
				ENABLE_STRICT_OBJC_MSGSEND = YES;
				GCC_NO_COMMON_BLOCKS = YES;
				INFOPLIST_FILE = PrePermissions/Info.plist;
				INSTALL_PATH = "$(LOCAL_LIBRARY_DIR)/Frameworks";
				IPHONEOS_DEPLOYMENT_TARGET = 9.1;
				LD_RUNPATH_SEARCH_PATHS = "$(inherited) @executable_path/Frameworks @loader_path/Frameworks";
				MTL_ENABLE_DEBUG_INFO = NO;
				PRODUCT_BUNDLE_IDENTIFIER = com.uberchord.PrePermissions;
				PRODUCT_NAME = "$(TARGET_NAME)";
				SKIP_INSTALL = YES;
				TARGETED_DEVICE_FAMILY = "1,2";
				VERSIONING_SYSTEM = "apple-generic";
				VERSION_INFO_PREFIX = "";
			};
			name = Release;
		};
		65C599F018F35A4600AE202C /* Debug */ = {
			isa = XCBuildConfiguration;
			buildSettings = {
				ALWAYS_SEARCH_USER_PATHS = NO;
				CLANG_CXX_LANGUAGE_STANDARD = "gnu++0x";
				CLANG_CXX_LIBRARY = "libc++";
				CLANG_ENABLE_MODULES = YES;
				CLANG_ENABLE_OBJC_ARC = YES;
				CLANG_WARN_BOOL_CONVERSION = YES;
				CLANG_WARN_CONSTANT_CONVERSION = YES;
				CLANG_WARN_DIRECT_OBJC_ISA_USAGE = YES_ERROR;
				CLANG_WARN_EMPTY_BODY = YES;
				CLANG_WARN_ENUM_CONVERSION = YES;
				CLANG_WARN_INT_CONVERSION = YES;
				CLANG_WARN_OBJC_ROOT_CLASS = YES_ERROR;
				CLANG_WARN__DUPLICATE_METHOD_MATCH = YES;
				"CODE_SIGN_IDENTITY[sdk=iphoneos*]" = "iPhone Developer";
				COPY_PHASE_STRIP = NO;
				ENABLE_TESTABILITY = YES;
				GCC_C_LANGUAGE_STANDARD = gnu99;
				GCC_DYNAMIC_NO_PIC = NO;
				GCC_OPTIMIZATION_LEVEL = 0;
				GCC_PREPROCESSOR_DEFINITIONS = (
					"DEBUG=1",
					"$(inherited)",
				);
				GCC_SYMBOLS_PRIVATE_EXTERN = NO;
				GCC_WARN_64_TO_32_BIT_CONVERSION = YES;
				GCC_WARN_ABOUT_RETURN_TYPE = YES_ERROR;
				GCC_WARN_UNDECLARED_SELECTOR = YES;
				GCC_WARN_UNINITIALIZED_AUTOS = YES_AGGRESSIVE;
				GCC_WARN_UNUSED_FUNCTION = YES;
				GCC_WARN_UNUSED_VARIABLE = YES;
				IPHONEOS_DEPLOYMENT_TARGET = 7.1;
				ONLY_ACTIVE_ARCH = YES;
				SDKROOT = iphoneos;
			};
			name = Debug;
		};
		65C599F118F35A4600AE202C /* Release */ = {
			isa = XCBuildConfiguration;
			buildSettings = {
				ALWAYS_SEARCH_USER_PATHS = NO;
				CLANG_CXX_LANGUAGE_STANDARD = "gnu++0x";
				CLANG_CXX_LIBRARY = "libc++";
				CLANG_ENABLE_MODULES = YES;
				CLANG_ENABLE_OBJC_ARC = YES;
				CLANG_WARN_BOOL_CONVERSION = YES;
				CLANG_WARN_CONSTANT_CONVERSION = YES;
				CLANG_WARN_DIRECT_OBJC_ISA_USAGE = YES_ERROR;
				CLANG_WARN_EMPTY_BODY = YES;
				CLANG_WARN_ENUM_CONVERSION = YES;
				CLANG_WARN_INT_CONVERSION = YES;
				CLANG_WARN_OBJC_ROOT_CLASS = YES_ERROR;
				CLANG_WARN__DUPLICATE_METHOD_MATCH = YES;
				"CODE_SIGN_IDENTITY[sdk=iphoneos*]" = "iPhone Developer";
				COPY_PHASE_STRIP = YES;
				ENABLE_NS_ASSERTIONS = NO;
				GCC_C_LANGUAGE_STANDARD = gnu99;
				GCC_WARN_64_TO_32_BIT_CONVERSION = YES;
				GCC_WARN_ABOUT_RETURN_TYPE = YES_ERROR;
				GCC_WARN_UNDECLARED_SELECTOR = YES;
				GCC_WARN_UNINITIALIZED_AUTOS = YES_AGGRESSIVE;
				GCC_WARN_UNUSED_FUNCTION = YES;
				GCC_WARN_UNUSED_VARIABLE = YES;
				IPHONEOS_DEPLOYMENT_TARGET = 7.1;
				SDKROOT = iphoneos;
				VALIDATE_PRODUCT = YES;
			};
			name = Release;
		};
/* End XCBuildConfiguration section */

/* Begin XCConfigurationList section */
		4A21A23A1BD9AC21005235F2 /* Build configuration list for PBXNativeTarget "PrePermissions" */ = {
			isa = XCConfigurationList;
			buildConfigurations = (
				4A21A2381BD9AC21005235F2 /* Debug */,
				4A21A2391BD9AC21005235F2 /* Release */,
			);
			defaultConfigurationIsVisible = 0;
			defaultConfigurationName = Release;
		};
		65C599C118F35A4500AE202C /* Build configuration list for PBXProject "ClusterPrePermissions" */ = {
			isa = XCConfigurationList;
			buildConfigurations = (
				65C599F018F35A4600AE202C /* Debug */,
				65C599F118F35A4600AE202C /* Release */,
			);
			defaultConfigurationIsVisible = 0;
			defaultConfigurationName = Release;
		};
/* End XCConfigurationList section */
	};
	rootObject = 65C599BE18F35A4500AE202C /* Project object */;
}
